
Microsoft Visual Studio Solution File, Format Version 12.00
# Visual Studio 15
VisualStudioVersion = 15.0.28307.572
MinimumVisualStudioVersion = 10.0.40219.1
Project("{FAE04EC0-301F-11D3-BF4B-00C04F79EFBC}") = "LikeButton_Aspnetcore", "LikeButton_Aspnetcore\LikeButton_Aspnetcore.csproj", "{DAD56E44-3BDA-43A8-8474-78D7A8001A69}"
EndProject
Global
	GlobalSection(SolutionConfigurationPlatforms) = preSolution
		Debug|Any CPU = Debug|Any CPU
		Release|Any CPU = Release|Any CPU
	EndGlobalSection
	GlobalSection(ProjectConfigurationPlatforms) = postSolution
		{DAD56E44-3BDA-43A8-8474-78D7A8001A69}.Debug|Any CPU.ActiveCfg = Debug|Any CPU
		{DAD56E44-3BDA-43A8-8474-78D7A8001A69}.Debug|Any CPU.Build.0 = Debug|Any CPU
		{DAD56E44-3BDA-43A8-8474-78D7A8001A69}.Release|Any CPU.ActiveCfg = Release|Any CPU
		{DAD56E44-3BDA-43A8-8474-78D7A8001A69}.Release|Any CPU.Build.0 = Release|Any CPU
	EndGlobalSection
	GlobalSection(SolutionProperties) = preSolution
		HideSolutionNode = FALSE
	EndGlobalSection
	GlobalSection(ExtensibilityGlobals) = postSolution
		SolutionGuid = {16A7EF23-375B-4C86-922E-6298CB356009}
	EndGlobalSection
EndGlobal
